
Microsoft Visual Studio Solution File, Format Version 12.00
# Visual Studio 15
VisualStudioVersion = 15.0.28010.2046
MinimumVisualStudioVersion = 10.0.40219.1
Project("{8BC9CEB8-8B4A-11D0-8D11-00A0C91BC942}") = "GUITest2", "GUITest2.vcxproj", "{DA57B529-DEDD-41C7-B83E-8833EC7F571D}"
EndProject
Project("{8BC9CEB8-8B4A-11D0-8D11-00A0C91BC942}") = "WebSocketServer_LEDcontrol", "G:\Documents\Arduino\libraries\arduinoWebSockets\examples\esp8266\WebSocketServer_LEDcontrol\WebSocketServer_LEDcontrol.vcxproj", "{B78C4722-BC4E-4ED7-B25E-DE5B8DDF1D83}"
EndProject
Project("{8BC9CEB8-8B4A-11D0-8D11-00A0C91BC942}") = "WebSocketClient", "G:\Documents\Arduino\libraries\arduinoWebSockets\examples\esp32\WebSocketClient\WebSocketClient.vcxproj", "{C5F80730-F44F-4478-BDAE-6634EFC2CA88}"
EndProject
Project("{8BC9CEB8-8B4A-11D0-8D11-00A0C91BC942}") = "WebSocketServer", "G:\Documents\Arduino\libraries\arduinoWebSockets\examples\esp32\WebSocketServer\WebSocketServer.vcxproj", "{7D7DD440-2C7E-48D5-81AE-8FF5D16E0926}"
EndProject
Global
	GlobalSection(SolutionConfigurationPlatforms) = preSolution
		Debug|x86 = Debug|x86
		Release|x86 = Release|x86
	EndGlobalSection
	GlobalSection(ProjectConfigurationPlatforms) = postSolution
		{DA57B529-DEDD-41C7-B83E-8833EC7F571D}.Debug|x86.ActiveCfg = Debug|Win32
		{DA57B529-DEDD-41C7-B83E-8833EC7F571D}.Debug|x86.Build.0 = Debug|Win32
		{DA57B529-DEDD-41C7-B83E-8833EC7F571D}.Release|x86.ActiveCfg = Release|Win32
		{DA57B529-DEDD-41C7-B83E-8833EC7F571D}.Release|x86.Build.0 = Release|Win32
		{B78C4722-BC4E-4ED7-B25E-DE5B8DDF1D83}.Debug|x86.ActiveCfg = Debug|Win32
		{B78C4722-BC4E-4ED7-B25E-DE5B8DDF1D83}.Debug|x86.Build.0 = Debug|Win32
		{B78C4722-BC4E-4ED7-B25E-DE5B8DDF1D83}.Release|x86.ActiveCfg = Release|Win32
		{B78C4722-BC4E-4ED7-B25E-DE5B8DDF1D83}.Release|x86.Build.0 = Release|Win32
		{C5F80730-F44F-4478-BDAE-6634EFC2CA88}.Debug|x86.ActiveCfg = Debug|Win32
		{C5F80730-F44F-4478-BDAE-6634EFC2CA88}.Debug|x86.Build.0 = Debug|Win32
		{C5F80730-F44F-4478-BDAE-6634EFC2CA88}.Release|x86.ActiveCfg = Release|Win32
		{C5F80730-F44F-4478-BDAE-6634EFC2CA88}.Release|x86.Build.0 = Release|Win32
		{7D7DD440-2C7E-48D5-81AE-8FF5D16E0926}.Debug|x86.ActiveCfg = Debug|Win32
		{7D7DD440-2C7E-48D5-81AE-8FF5D16E0926}.Debug|x86.Build.0 = Debug|Win32
		{7D7DD440-2C7E-48D5-81AE-8FF5D16E0926}.Release|x86.ActiveCfg = Release|Win32
		{7D7DD440-2C7E-48D5-81AE-8FF5D16E0926}.Release|x86.Build.0 = Release|Win32
	EndGlobalSection
	GlobalSection(SolutionProperties) = preSolution
		HideSolutionNode = FALSE
	EndGlobalSection
	GlobalSection(ExtensibilityGlobals) = postSolution
		SolutionGuid = {7C8E3FE1-F688-49D9-A327-9A66F180BF83}
	EndGlobalSection
EndGlobal
